
Microsoft Visual Studio Solution File, Format Version 12.00
# Visual Studio Version 16
VisualStudioVersion = 16.0.32602.291
MinimumVisualStudioVersion = 10.0.40219.1
Project("{FAE04EC0-301F-11D3-BF4B-00C04F79EFBC}") = "IfElseForLoopApp", "IfElseForLoopApp\IfElseForLoopApp.csproj", "{064F80DD-1CDD-4975-B66F-6E1CFF0FC42D}"
EndProject
Global
	GlobalSection(SolutionConfigurationPlatforms) = preSolution
		Debug|Any CPU = Debug|Any CPU
		Release|Any CPU = Release|Any CPU
	EndGlobalSection
	GlobalSection(ProjectConfigurationPlatforms) = postSolution
		{064F80DD-1CDD-4975-B66F-6E1CFF0FC42D}.Debug|Any CPU.ActiveCfg = Debug|Any CPU
		{064F80DD-1CDD-4975-B66F-6E1CFF0FC42D}.Debug|Any CPU.Build.0 = Debug|Any CPU
		{064F80DD-1CDD-4975-B66F-6E1CFF0FC42D}.Release|Any CPU.ActiveCfg = Release|Any CPU
		{064F80DD-1CDD-4975-B66F-6E1CFF0FC42D}.Release|Any CPU.Build.0 = Release|Any CPU
	EndGlobalSection
	GlobalSection(SolutionProperties) = preSolution
		HideSolutionNode = FALSE
	EndGlobalSection
	GlobalSection(ExtensibilityGlobals) = postSolution
		SolutionGuid = {E21E42D6-D4AE-44D9-B3B5-46936F301D40}
	EndGlobalSection
EndGlobal
