
Microsoft Visual Studio Solution File, Format Version 12.00
# Visual Studio Version 16
VisualStudioVersion = 16.0.32602.291
MinimumVisualStudioVersion = 10.0.40219.1
Project("{FAE04EC0-301F-11D3-BF4B-00C04F79EFBC}") = "BasicConsoleApp", "BasicConsoleApp\BasicConsoleApp.csproj", "{2D95F85C-D233-4766-B2F5-F707E6DD849C}"
EndProject
Global
	GlobalSection(SolutionConfigurationPlatforms) = preSolution
		Debug|Any CPU = Debug|Any CPU
		Release|Any CPU = Release|Any CPU
	EndGlobalSection
	GlobalSection(ProjectConfigurationPlatforms) = postSolution
		{2D95F85C-D233-4766-B2F5-F707E6DD849C}.Debug|Any CPU.ActiveCfg = Debug|Any CPU
		{2D95F85C-D233-4766-B2F5-F707E6DD849C}.Debug|Any CPU.Build.0 = Debug|Any CPU
		{2D95F85C-D233-4766-B2F5-F707E6DD849C}.Release|Any CPU.ActiveCfg = Release|Any CPU
		{2D95F85C-D233-4766-B2F5-F707E6DD849C}.Release|Any CPU.Build.0 = Release|Any CPU
	EndGlobalSection
	GlobalSection(SolutionProperties) = preSolution
		HideSolutionNode = FALSE
	EndGlobalSection
	GlobalSection(ExtensibilityGlobals) = postSolution
		SolutionGuid = {DD50DC7C-A179-42CF-9C21-F0DDC4338414}
	EndGlobalSection
EndGlobal
