
Microsoft Visual Studio Solution File, Format Version 12.00
# Visual Studio Version 17
VisualStudioVersion = 17.2.32630.192
MinimumVisualStudioVersion = 10.0.40219.1
Project("{FAE04EC0-301F-11D3-BF4B-00C04F79EFBC}") = "HelloWorldWebApp", "HelloWorldWebApp\HelloWorldWebApp.csproj", "{2D51A8C9-71FC-470E-B9FE-8DFC127BB937}"
EndProject
Global
	GlobalSection(SolutionConfigurationPlatforms) = preSolution
		Debug|Any CPU = Debug|Any CPU
		Release|Any CPU = Release|Any CPU
	EndGlobalSection
	GlobalSection(ProjectConfigurationPlatforms) = postSolution
		{2D51A8C9-71FC-470E-B9FE-8DFC127BB937}.Debug|Any CPU.ActiveCfg = Debug|Any CPU
		{2D51A8C9-71FC-470E-B9FE-8DFC127BB937}.Debug|Any CPU.Build.0 = Debug|Any CPU
		{2D51A8C9-71FC-470E-B9FE-8DFC127BB937}.Release|Any CPU.ActiveCfg = Release|Any CPU
		{2D51A8C9-71FC-470E-B9FE-8DFC127BB937}.Release|Any CPU.Build.0 = Release|Any CPU
	EndGlobalSection
	GlobalSection(SolutionProperties) = preSolution
		HideSolutionNode = FALSE
	EndGlobalSection
	GlobalSection(ExtensibilityGlobals) = postSolution
		SolutionGuid = {2CA5904C-B972-493E-8E7E-8B80E2BBA4A6}
	EndGlobalSection
EndGlobal
