
Microsoft Visual Studio Solution File, Format Version 12.00
# Visual Studio Version 16
VisualStudioVersion = 16.0.32602.291
MinimumVisualStudioVersion = 10.0.40219.1
Project("{FAE04EC0-301F-11D3-BF4B-00C04F79EFBC}") = "UserDefinedTypeApp", "UserDefinedTypeApp\UserDefinedTypeApp.csproj", "{7602D7FD-F16B-4CAF-8E1F-8F87E2025237}"
EndProject
Global
	GlobalSection(SolutionConfigurationPlatforms) = preSolution
		Debug|Any CPU = Debug|Any CPU
		Release|Any CPU = Release|Any CPU
	EndGlobalSection
	GlobalSection(ProjectConfigurationPlatforms) = postSolution
		{7602D7FD-F16B-4CAF-8E1F-8F87E2025237}.Debug|Any CPU.ActiveCfg = Debug|Any CPU
		{7602D7FD-F16B-4CAF-8E1F-8F87E2025237}.Debug|Any CPU.Build.0 = Debug|Any CPU
		{7602D7FD-F16B-4CAF-8E1F-8F87E2025237}.Release|Any CPU.ActiveCfg = Release|Any CPU
		{7602D7FD-F16B-4CAF-8E1F-8F87E2025237}.Release|Any CPU.Build.0 = Release|Any CPU
	EndGlobalSection
	GlobalSection(SolutionProperties) = preSolution
		HideSolutionNode = FALSE
	EndGlobalSection
	GlobalSection(ExtensibilityGlobals) = postSolution
		SolutionGuid = {E191CE14-0EAE-4BB1-9790-F1B04A8E43B2}
	EndGlobalSection
EndGlobal
